
Microsoft Visual Studio Solution File, Format Version 10.00
# Visual C++ Express 2008
Project("{8BC9CEB8-8B4A-11D0-8D11-00A0C91BC942}") = "hw9", ".hw9.vcproj", "{967CB962-D8B8-435B-957D-3CFD6670C6F0}"
EndProject
Global
	GlobalSection(SolutionConfigurationPlatforms) = preSolution
		Calc|Win32 = Calc|Win32
		Driver|Win32 = Driver|Win32
	EndGlobalSection
	GlobalSection(ProjectConfigurationPlatforms) = postSolution
		{967CB962-D8B8-435B-957D-3CFD6670C6F0}.Calc|Win32.ActiveCfg = Calc|Win32
		{967CB962-D8B8-435B-957D-3CFD6670C6F0}.Calc|Win32.Build.0 = Calc|Win32
		{967CB962-D8B8-435B-957D-3CFD6670C6F0}.Driver|Win32.ActiveCfg = Driver|Win32
		{967CB962-D8B8-435B-957D-3CFD6670C6F0}.Driver|Win32.Build.0 = Driver|Win32
	EndGlobalSection
	GlobalSection(SolutionProperties) = preSolution
		HideSolutionNode = FALSE
	EndGlobalSection
EndGlobal
